
Microsoft Visual Studio Solution File, Format Version 12.00
# Visual Studio 15
VisualStudioVersion = 15.0.28307.168
MinimumVisualStudioVersion = 10.0.40219.1
Project("{9A19103F-16F7-4668-BE54-9A1E7A4F7556}") = "Undertaker", "src\Undertaker\Undertaker.csproj", "{7371DA4B-4EE3-4B8F-8710-7D9D4F5A897B}"
EndProject
Project("{2150E333-8FDC-42A3-9474-1A3956D46DE8}") = "src", "src", "{E10C47D9-C336-4A0E-97AF-C5574483516A}"
EndProject
Project("{2150E333-8FDC-42A3-9474-1A3956D46DE8}") = "tests", "tests", "{2B1F5B00-360A-4A50-8C7D-7D0F9824A853}"
EndProject
Project("{FAE04EC0-301F-11D3-BF4B-00C04F79EFBC}") = "Undertaker.Tests", "tests\Undertaker.Tests\Undertaker.Tests.csproj", "{332E53FF-1839-46F3-A7AE-5DEB56775906}"
EndProject
Project("{2150E333-8FDC-42A3-9474-1A3956D46DE8}") = "examples", "examples", "{2FDD4890-4AE7-4DB4-8843-D5ABEB8611B1}"
EndProject
Project("{FAE04EC0-301F-11D3-BF4B-00C04F79EFBC}") = "MySqlStorage", "MySqlStorage\MySqlStorage.csproj", "{9291BE61-1C00-479F-B3B1-3727D2AFCDAE}"
EndProject
Global
	GlobalSection(SolutionConfigurationPlatforms) = preSolution
		Debug|Any CPU = Debug|Any CPU
		Release|Any CPU = Release|Any CPU
	EndGlobalSection
	GlobalSection(ProjectConfigurationPlatforms) = postSolution
		{7371DA4B-4EE3-4B8F-8710-7D9D4F5A897B}.Debug|Any CPU.ActiveCfg = Debug|Any CPU
		{7371DA4B-4EE3-4B8F-8710-7D9D4F5A897B}.Debug|Any CPU.Build.0 = Debug|Any CPU
		{7371DA4B-4EE3-4B8F-8710-7D9D4F5A897B}.Release|Any CPU.ActiveCfg = Release|Any CPU
		{7371DA4B-4EE3-4B8F-8710-7D9D4F5A897B}.Release|Any CPU.Build.0 = Release|Any CPU
		{332E53FF-1839-46F3-A7AE-5DEB56775906}.Debug|Any CPU.ActiveCfg = Debug|Any CPU
		{332E53FF-1839-46F3-A7AE-5DEB56775906}.Debug|Any CPU.Build.0 = Debug|Any CPU
		{332E53FF-1839-46F3-A7AE-5DEB56775906}.Release|Any CPU.ActiveCfg = Release|Any CPU
		{332E53FF-1839-46F3-A7AE-5DEB56775906}.Release|Any CPU.Build.0 = Release|Any CPU
		{9291BE61-1C00-479F-B3B1-3727D2AFCDAE}.Debug|Any CPU.ActiveCfg = Debug|Any CPU
		{9291BE61-1C00-479F-B3B1-3727D2AFCDAE}.Debug|Any CPU.Build.0 = Debug|Any CPU
		{9291BE61-1C00-479F-B3B1-3727D2AFCDAE}.Release|Any CPU.ActiveCfg = Release|Any CPU
		{9291BE61-1C00-479F-B3B1-3727D2AFCDAE}.Release|Any CPU.Build.0 = Release|Any CPU
	EndGlobalSection
	GlobalSection(SolutionProperties) = preSolution
		HideSolutionNode = FALSE
	EndGlobalSection
	GlobalSection(NestedProjects) = preSolution
		{7371DA4B-4EE3-4B8F-8710-7D9D4F5A897B} = {E10C47D9-C336-4A0E-97AF-C5574483516A}
		{332E53FF-1839-46F3-A7AE-5DEB56775906} = {2B1F5B00-360A-4A50-8C7D-7D0F9824A853}
		{9291BE61-1C00-479F-B3B1-3727D2AFCDAE} = {2FDD4890-4AE7-4DB4-8843-D5ABEB8611B1}
	EndGlobalSection
	GlobalSection(ExtensibilityGlobals) = postSolution
		SolutionGuid = {02F3E908-670A-4683-B643-41B5122C21D0}
	EndGlobalSection
EndGlobal
